
Microsoft Visual Studio Solution File, Format Version 12.00
# Visual Studio Version 17
VisualStudioVersion = 17.0.31912.275
MinimumVisualStudioVersion = 10.0.40219.1
Project("{9A19103F-16F7-4668-BE54-9A1E7A4F7556}") = "FFXIVVenues.VenueTests", "FFXIVVenues.VenueTests.csproj", "{9AA61F3C-47D9-4F24-9FEF-5C601D521B26}"
EndProject
Global
	GlobalSection(SolutionConfigurationPlatforms) = preSolution
		Debug|Any CPU = Debug|Any CPU
		Release|Any CPU = Release|Any CPU
	EndGlobalSection
	GlobalSection(ProjectConfigurationPlatforms) = postSolution
		{9AA61F3C-47D9-4F24-9FEF-5C601D521B26}.Debug|Any CPU.ActiveCfg = Debug|Any CPU
		{9AA61F3C-47D9-4F24-9FEF-5C601D521B26}.Debug|Any CPU.Build.0 = Debug|Any CPU
		{9AA61F3C-47D9-4F24-9FEF-5C601D521B26}.Release|Any CPU.ActiveCfg = Release|Any CPU
		{9AA61F3C-47D9-4F24-9FEF-5C601D521B26}.Release|Any CPU.Build.0 = Release|Any CPU
	EndGlobalSection
	GlobalSection(SolutionProperties) = preSolution
		HideSolutionNode = FALSE
	EndGlobalSection
	GlobalSection(ExtensibilityGlobals) = postSolution
		SolutionGuid = {C0FD55E6-85BD-4E72-A7F8-168CE875BE26}
	EndGlobalSection
EndGlobal
